<?xml version="1.0" encoding="utf-8"?>
<Project ToolsVersion="4.0" xmlns="http://schemas.microsoft.com/developer/msbuild/2003">
  <ItemGroup>
    <ClCompile Include="dllmain.cpp" />
    <ClCompile Include="BlockTheSpot.cpp" />
    <ClCompile Include="stdafx.cpp" />
    <ClCompile Include="HookApi.cpp">
      <Filter>hookapi</Filter>
    </ClCompile>
    <ClCompile Include="hosts.cpp" />
  </ItemGroup>
  <ItemGroup>
    <ClInclude Include="stdafx.h" />
    <ClInclude Include="targetver.h" />
    <ClInclude Include="HookApi.h">
      <Filter>hookapi</Filter>
    </ClInclude>
    <ClInclude Include="hosts.h" />
  </ItemGroup>
  <ItemGroup>
    <None Include="chrome_elf.def" />
    <None Include="..\README.md" />
  </ItemGroup>
  <ItemGroup>
    <Filter Include="hookapi">
      <UniqueIdentifier>{6dec95b4-4fa2-4d85-9de5-8a6af4d6bb2d}</UniqueIdentifier>
    </Filter>
  </ItemGroup>
</Project>