<?xml version="1.0" encoding="utf-8"?>
<Project ToolsVersion="4.0" xmlns="http://schemas.microsoft.com/developer/msbuild/2003">
  <ItemGroup>
    <ClCompile Include="dllmain.cpp" />
    <ClCompile Include="BlockTheSpot.cpp" />
    <ClCompile Include="stdafx.cpp" />
    <ClCompile Include="..\mhook\mhook-lib\mhook.cpp">
      <Filter>mhook</Filter>
    </ClCompile>
    <ClCompile Include="..\mhook\disasm-lib\cpu.c">
      <Filter>mhook</Filter>
    </ClCompile>
    <ClCompile Include="..\mhook\disasm-lib\disasm.c">
      <Filter>mhook</Filter>
    </ClCompile>
    <ClCompile Include="..\mhook\disasm-lib\disasm_x86.c">
      <Filter>mhook</Filter>
    </ClCompile>
  </ItemGroup>
  <ItemGroup>
    <ClInclude Include="stdafx.h" />
    <ClInclude Include="targetver.h" />
    <ClInclude Include="hosts.h" />
    <ClInclude Include="..\mhook\mhook-lib\mhook.h">
      <Filter>mhook</Filter>
    </ClInclude>
    <ClInclude Include="..\mhook\disasm-lib\cpu.h">
      <Filter>mhook</Filter>
    </ClInclude>
    <ClInclude Include="..\mhook\disasm-lib\disasm.h">
      <Filter>mhook</Filter>
    </ClInclude>
    <ClInclude Include="..\mhook\disasm-lib\disasm_x86.h">
      <Filter>mhook</Filter>
    </ClInclude>
    <ClInclude Include="..\mhook\disasm-lib\disasm_x86_tables.h">
      <Filter>mhook</Filter>
    </ClInclude>
    <ClInclude Include="..\mhook\disasm-lib\misc.h">
      <Filter>mhook</Filter>
    </ClInclude>
  </ItemGroup>
  <ItemGroup>
    <None Include="chrome_elf.def" />
  </ItemGroup>
  <ItemGroup>
    <Filter Include="mhook">
      <UniqueIdentifier>{5f92c477-8601-4c3c-a1e2-b55ebd230af4}</UniqueIdentifier>
    </Filter>
  </ItemGroup>
</Project>